
Microsoft Visual Studio Solution File, Format Version 12.00
# Visual Studio Version 17
VisualStudioVersion = 17.11.35327.3
MinimumVisualStudioVersion = 10.0.40219.1
Project("{8BC9CEB8-8B4A-11D0-8D11-00A0C91BC942}") = "Struct", "Struct.vcxproj", "{D7A848AF-8064-4220-859A-DF0867C8086A}"
EndProject
Global
	GlobalSection(SolutionConfigurationPlatforms) = preSolution
		Debug|x64 = Debug|x64
		Debug|x86 = Debug|x86
		Release|x64 = Release|x64
		Release|x86 = Release|x86
	EndGlobalSection
	GlobalSection(ProjectConfigurationPlatforms) = postSolution
		{D7A848AF-8064-4220-859A-DF0867C8086A}.Debug|x64.ActiveCfg = Debug|x64
		{D7A848AF-8064-4220-859A-DF0867C8086A}.Debug|x64.Build.0 = Debug|x64
		{D7A848AF-8064-4220-859A-DF0867C8086A}.Debug|x86.ActiveCfg = Debug|Win32
		{D7A848AF-8064-4220-859A-DF0867C8086A}.Debug|x86.Build.0 = Debug|Win32
		{D7A848AF-8064-4220-859A-DF0867C8086A}.Release|x64.ActiveCfg = Release|x64
		{D7A848AF-8064-4220-859A-DF0867C8086A}.Release|x64.Build.0 = Release|x64
		{D7A848AF-8064-4220-859A-DF0867C8086A}.Release|x86.ActiveCfg = Release|Win32
		{D7A848AF-8064-4220-859A-DF0867C8086A}.Release|x86.Build.0 = Release|Win32
	EndGlobalSection
	GlobalSection(SolutionProperties) = preSolution
		HideSolutionNode = FALSE
	EndGlobalSection
	GlobalSection(ExtensibilityGlobals) = postSolution
		SolutionGuid = {ABA422B7-1A3C-4C48-B78F-C86F8A3F5446}
	EndGlobalSection
EndGlobal
